// !$*UTF8*$!
{
	archiveVersion = 1;
	classes = {
	};
	objectVersion = 51;
	objects = {

/* Begin PBXBuildFile section */
		651F8D09FD190DFE7130107A /* Pods_Onesplash.framework in Frameworks */ = {isa = PBXBuildFile; fileRef = 09B8999C3B0ABBC8BBEC808F /* Pods_Onesplash.framework */; };
		680BC0AB25D698720003D341 /* Collection.swift in Sources */ = {isa = PBXBuildFile; fileRef = 680BC0AA25D698720003D341 /* Collection.swift */; };
		680BC0AE25D69F480003D341 /* CollectionsCustomCell.swift in Sources */ = {isa = PBXBuildFile; fileRef = 680BC0AD25D69F480003D341 /* CollectionsCustomCell.swift */; };
		680BC0B525D6C1FB0003D341 /* User.swift in Sources */ = {isa = PBXBuildFile; fileRef = 680BC0B425D6C1FB0003D341 /* User.swift */; };
		680BC0B825D6C5920003D341 /* UsersCustomCell.swift in Sources */ = {isa = PBXBuildFile; fileRef = 680BC0B725D6C5920003D341 /* UsersCustomCell.swift */; };
		68CA866825C41ADB00192321 /* PostsCustomCell.swift in Sources */ = {isa = PBXBuildFile; fileRef = 68CA866725C41ADB00192321 /* PostsCustomCell.swift */; };
		68FE16B925D4068000EE5B5A /* TabViewController.swift in Sources */ = {isa = PBXBuildFile; fileRef = 68FE16B825D4068000EE5B5A /* TabViewController.swift */; };
		68FE16C025D4086800EE5B5A /* SearchViewController.swift in Sources */ = {isa = PBXBuildFile; fileRef = 68FE16BF25D4086800EE5B5A /* SearchViewController.swift */; };
		7721AFEF25D6E22D003C698F /* HomeViewModel.swift in Sources */ = {isa = PBXBuildFile; fileRef = 7721AFEE25D6E22D003C698F /* HomeViewModel.swift */; };
		7742F09F25D7DA0D009DB5A1 /* Endpoint.swift in Sources */ = {isa = PBXBuildFile; fileRef = 7742F09E25D7DA0D009DB5A1 /* Endpoint.swift */; };
		7742F0A225D7E061009DB5A1 /* NetworkEngine.swift in Sources */ = {isa = PBXBuildFile; fileRef = 7742F0A125D7E061009DB5A1 /* NetworkEngine.swift */; };
		77474F8A25D4425500D75C78 /* FooterCollectionReusableView.swift in Sources */ = {isa = PBXBuildFile; fileRef = 77474F8925D4425500D75C78 /* FooterCollectionReusableView.swift */; };
		774AC74725BA1D4B002B689F /* AppDelegate.swift in Sources */ = {isa = PBXBuildFile; fileRef = 774AC74625BA1D4B002B689F /* AppDelegate.swift */; };
		774AC74925BA1D4B002B689F /* SceneDelegate.swift in Sources */ = {isa = PBXBuildFile; fileRef = 774AC74825BA1D4B002B689F /* SceneDelegate.swift */; };
		774AC74B25BA1D4B002B689F /* HomeViewController.swift in Sources */ = {isa = PBXBuildFile; fileRef = 774AC74A25BA1D4B002B689F /* HomeViewController.swift */; };
		774AC75125BA1D4B002B689F /* Onesplash.xcdatamodeld in Sources */ = {isa = PBXBuildFile; fileRef = 774AC74F25BA1D4B002B689F /* Onesplash.xcdatamodeld */; };
		774AC75325BA1D4F002B689F /* Assets.xcassets in Resources */ = {isa = PBXBuildFile; fileRef = 774AC75225BA1D4F002B689F /* Assets.xcassets */; };
		774AC75625BA1D4F002B689F /* LaunchScreen.storyboard in Resources */ = {isa = PBXBuildFile; fileRef = 774AC75425BA1D4F002B689F /* LaunchScreen.storyboard */; };
		7765983E25D520BD00D0ACD9 /* UIColor.swift in Sources */ = {isa = PBXBuildFile; fileRef = 7765983D25D520BD00D0ACD9 /* UIColor.swift */; };
		77DCFD9925D70BBB00EED409 /* SearchViewModel.swift in Sources */ = {isa = PBXBuildFile; fileRef = 77DCFD9825D70BBB00EED409 /* SearchViewModel.swift */; };
		77E0D5E625BB15690053C7A8 /* Post.swift in Sources */ = {isa = PBXBuildFile; fileRef = 77E0D5E525BB15690053C7A8 /* Post.swift */; };
		77EE9AD625D92A4A005BA14E /* PostService.swift in Sources */ = {isa = PBXBuildFile; fileRef = 77EE9AD525D92A4A005BA14E /* PostService.swift */; };
/* End PBXBuildFile section */

/* Begin PBXFileReference section */
		09B8999C3B0ABBC8BBEC808F /* Pods_Onesplash.framework */ = {isa = PBXFileReference; explicitFileType = wrapper.framework; includeInIndex = 0; path = Pods_Onesplash.framework; sourceTree = BUILT_PRODUCTS_DIR; };
		680BC0AA25D698720003D341 /* Collection.swift */ = {isa = PBXFileReference; lastKnownFileType = sourcecode.swift; path = Collection.swift; sourceTree = "<group>"; };
		680BC0AD25D69F480003D341 /* CollectionsCustomCell.swift */ = {isa = PBXFileReference; lastKnownFileType = sourcecode.swift; path = CollectionsCustomCell.swift; sourceTree = "<group>"; };
		680BC0B425D6C1FB0003D341 /* User.swift */ = {isa = PBXFileReference; lastKnownFileType = sourcecode.swift; path = User.swift; sourceTree = "<group>"; };
		680BC0B725D6C5920003D341 /* UsersCustomCell.swift */ = {isa = PBXFileReference; lastKnownFileType = sourcecode.swift; path = UsersCustomCell.swift; sourceTree = "<group>"; };
		68CA866725C41ADB00192321 /* PostsCustomCell.swift */ = {isa = PBXFileReference; lastKnownFileType = sourcecode.swift; path = PostsCustomCell.swift; sourceTree = "<group>"; };
		68FE16B825D4068000EE5B5A /* TabViewController.swift */ = {isa = PBXFileReference; lastKnownFileType = sourcecode.swift; path = TabViewController.swift; sourceTree = "<group>"; };
		68FE16BF25D4086800EE5B5A /* SearchViewController.swift */ = {isa = PBXFileReference; lastKnownFileType = sourcecode.swift; path = SearchViewController.swift; sourceTree = "<group>"; };
		7721AFEE25D6E22D003C698F /* HomeViewModel.swift */ = {isa = PBXFileReference; lastKnownFileType = sourcecode.swift; path = HomeViewModel.swift; sourceTree = "<group>"; };
		7742F09E25D7DA0D009DB5A1 /* Endpoint.swift */ = {isa = PBXFileReference; lastKnownFileType = sourcecode.swift; path = Endpoint.swift; sourceTree = "<group>"; };
		7742F0A125D7E061009DB5A1 /* NetworkEngine.swift */ = {isa = PBXFileReference; lastKnownFileType = sourcecode.swift; path = NetworkEngine.swift; sourceTree = "<group>"; };
		77474F8925D4425500D75C78 /* FooterCollectionReusableView.swift */ = {isa = PBXFileReference; lastKnownFileType = sourcecode.swift; path = FooterCollectionReusableView.swift; sourceTree = "<group>"; };
		774AC74325BA1D4B002B689F /* Onesplash.app */ = {isa = PBXFileReference; explicitFileType = wrapper.application; includeInIndex = 0; path = Onesplash.app; sourceTree = BUILT_PRODUCTS_DIR; };
		774AC74625BA1D4B002B689F /* AppDelegate.swift */ = {isa = PBXFileReference; lastKnownFileType = sourcecode.swift; path = AppDelegate.swift; sourceTree = "<group>"; };
		774AC74825BA1D4B002B689F /* SceneDelegate.swift */ = {isa = PBXFileReference; lastKnownFileType = sourcecode.swift; path = SceneDelegate.swift; sourceTree = "<group>"; };
		774AC74A25BA1D4B002B689F /* HomeViewController.swift */ = {isa = PBXFileReference; lastKnownFileType = sourcecode.swift; path = HomeViewController.swift; sourceTree = "<group>"; };
		774AC75025BA1D4B002B689F /* Onesplash.xcdatamodel */ = {isa = PBXFileReference; lastKnownFileType = wrapper.xcdatamodel; path = Onesplash.xcdatamodel; sourceTree = "<group>"; };
		774AC75225BA1D4F002B689F /* Assets.xcassets */ = {isa = PBXFileReference; lastKnownFileType = folder.assetcatalog; path = Assets.xcassets; sourceTree = "<group>"; };
		774AC75525BA1D4F002B689F /* Base */ = {isa = PBXFileReference; lastKnownFileType = file.storyboard; name = Base; path = Base.lproj/LaunchScreen.storyboard; sourceTree = "<group>"; };
		774AC75725BA1D4F002B689F /* Info.plist */ = {isa = PBXFileReference; lastKnownFileType = text.plist.xml; path = Info.plist; sourceTree = "<group>"; };
		7765983D25D520BD00D0ACD9 /* UIColor.swift */ = {isa = PBXFileReference; lastKnownFileType = sourcecode.swift; path = UIColor.swift; sourceTree = "<group>"; };
		77DCFD9825D70BBB00EED409 /* SearchViewModel.swift */ = {isa = PBXFileReference; lastKnownFileType = sourcecode.swift; path = SearchViewModel.swift; sourceTree = "<group>"; };
		77E0D5E525BB15690053C7A8 /* Post.swift */ = {isa = PBXFileReference; lastKnownFileType = sourcecode.swift; path = Post.swift; sourceTree = "<group>"; };
		77EE9AD525D92A4A005BA14E /* PostService.swift */ = {isa = PBXFileReference; fileEncoding = 4; lastKnownFileType = sourcecode.swift; name = PostService.swift; path = "../../../One/Demos/Lesson3-URLSession-main/OneLabe-Twitter/Service layer/PostService.swift"; sourceTree = "<group>"; };
		873E1B43992A3006AB4AED55 /* Pods-Onesplash.release.xcconfig */ = {isa = PBXFileReference; includeInIndex = 1; lastKnownFileType = text.xcconfig; name = "Pods-Onesplash.release.xcconfig"; path = "Target Support Files/Pods-Onesplash/Pods-Onesplash.release.xcconfig"; sourceTree = "<group>"; };
		CEE01C462177F6FCD46322EB /* Pods-Onesplash.debug.xcconfig */ = {isa = PBXFileReference; includeInIndex = 1; lastKnownFileType = text.xcconfig; name = "Pods-Onesplash.debug.xcconfig"; path = "Target Support Files/Pods-Onesplash/Pods-Onesplash.debug.xcconfig"; sourceTree = "<group>"; };
/* End PBXFileReference section */

/* Begin PBXFrameworksBuildPhase section */
		774AC74025BA1D4B002B689F /* Frameworks */ = {
			isa = PBXFrameworksBuildPhase;
			buildActionMask = 2147483647;
			files = (
				651F8D09FD190DFE7130107A /* Pods_Onesplash.framework in Frameworks */,
			);
			runOnlyForDeploymentPostprocessing = 0;
		};
/* End PBXFrameworksBuildPhase section */

/* Begin PBXGroup section */
		208E7D7D444A763B9E9F66BA /* Frameworks */ = {
			isa = PBXGroup;
			children = (
				09B8999C3B0ABBC8BBEC808F /* Pods_Onesplash.framework */,
			);
			name = Frameworks;
			sourceTree = "<group>";
		};
		774AC73A25BA1D4B002B689F = {
			isa = PBXGroup;
			children = (
				774AC74525BA1D4B002B689F /* Onesplash */,
				774AC74425BA1D4B002B689F /* Products */,
				8B7E71C4F25C2A3A69CE245E /* Pods */,
				208E7D7D444A763B9E9F66BA /* Frameworks */,
			);
			sourceTree = "<group>";
		};
		774AC74425BA1D4B002B689F /* Products */ = {
			isa = PBXGroup;
			children = (
				774AC74325BA1D4B002B689F /* Onesplash.app */,
			);
			name = Products;
			sourceTree = "<group>";
		};
		774AC74525BA1D4B002B689F /* Onesplash */ = {
			isa = PBXGroup;
			children = (
				7742F09E25D7DA0D009DB5A1 /* Endpoint.swift */,
				7742F0A125D7E061009DB5A1 /* NetworkEngine.swift */,
				7721AFEE25D6E22D003C698F /* HomeViewModel.swift */,
				774AC74A25BA1D4B002B689F /* HomeViewController.swift */,
				77DCFD9825D70BBB00EED409 /* SearchViewModel.swift */,
				68FE16BF25D4086800EE5B5A /* SearchViewController.swift */,
				77EE9AD525D92A4A005BA14E /* PostService.swift */,
				68FE16B825D4068000EE5B5A /* TabViewController.swift */,
				77E0D5E525BB15690053C7A8 /* Post.swift */,
				77474F8925D4425500D75C78 /* FooterCollectionReusableView.swift */,
				68CA866725C41ADB00192321 /* PostsCustomCell.swift */,
				7765983D25D520BD00D0ACD9 /* UIColor.swift */,
				774AC75425BA1D4F002B689F /* LaunchScreen.storyboard */,
				7765983825D51D7100D0ACD9 /* Resources */,
				7765983725D51D5D00D0ACD9 /* Supporting Files */,
				774AC75725BA1D4F002B689F /* Info.plist */,
				774AC74F25BA1D4B002B689F /* Onesplash.xcdatamodeld */,
				680BC0AA25D698720003D341 /* Collection.swift */,
				680BC0AD25D69F480003D341 /* CollectionsCustomCell.swift */,
				680BC0B425D6C1FB0003D341 /* User.swift */,
				680BC0B725D6C5920003D341 /* UsersCustomCell.swift */,
			);
			path = Onesplash;
			sourceTree = "<group>";
		};
		7765983725D51D5D00D0ACD9 /* Supporting Files */ = {
			isa = PBXGroup;
			children = (
				774AC74625BA1D4B002B689F /* AppDelegate.swift */,
				774AC74825BA1D4B002B689F /* SceneDelegate.swift */,
			);
			path = "Supporting Files";
			sourceTree = "<group>";
		};
		7765983825D51D7100D0ACD9 /* Resources */ = {
			isa = PBXGroup;
			children = (
				774AC75225BA1D4F002B689F /* Assets.xcassets */,
			);
			path = Resources;
			sourceTree = "<group>";
		};
		8B7E71C4F25C2A3A69CE245E /* Pods */ = {
			isa = PBXGroup;
			children = (
				CEE01C462177F6FCD46322EB /* Pods-Onesplash.debug.xcconfig */,
				873E1B43992A3006AB4AED55 /* Pods-Onesplash.release.xcconfig */,
			);
			path = Pods;
			sourceTree = "<group>";
		};
/* End PBXGroup section */

/* Begin PBXNativeTarget section */
		774AC74225BA1D4B002B689F /* Onesplash */ = {
			isa = PBXNativeTarget;
			buildConfigurationList = 774AC75A25BA1D4F002B689F /* Build configuration list for PBXNativeTarget "Onesplash" */;
			buildPhases = (
				977A88066E1D7A400B81F0EE /* [CP] Check Pods Manifest.lock */,
				774AC73F25BA1D4B002B689F /* Sources */,
				774AC74025BA1D4B002B689F /* Frameworks */,
				774AC74125BA1D4B002B689F /* Resources */,
				ADA9FEAF3A4FBCBA1CF0F3F3 /* [CP] Embed Pods Frameworks */,
			);
			buildRules = (
			);
			dependencies = (
			);
			name = Onesplash;
			productName = Onesplash;
			productReference = 774AC74325BA1D4B002B689F /* Onesplash.app */;
			productType = "com.apple.product-type.application";
		};
/* End PBXNativeTarget section */

/* Begin PBXProject section */
		774AC73B25BA1D4B002B689F /* Project object */ = {
			isa = PBXProject;
			attributes = {
				LastSwiftUpdateCheck = 1220;
				LastUpgradeCheck = 1220;
				TargetAttributes = {
					774AC74225BA1D4B002B689F = {
						CreatedOnToolsVersion = 12.2;
					};
				};
			};
			buildConfigurationList = 774AC73E25BA1D4B002B689F /* Build configuration list for PBXProject "Onesplash" */;
			compatibilityVersion = "Xcode 9.3";
			developmentRegion = en;
			hasScannedForEncodings = 0;
			knownRegions = (
				en,
				Base,
			);
			mainGroup = 774AC73A25BA1D4B002B689F;
			productRefGroup = 774AC74425BA1D4B002B689F /* Products */;
			projectDirPath = "";
			projectRoot = "";
			targets = (
				774AC74225BA1D4B002B689F /* Onesplash */,
			);
		};
/* End PBXProject section */

/* Begin PBXResourcesBuildPhase section */
		774AC74125BA1D4B002B689F /* Resources */ = {
			isa = PBXResourcesBuildPhase;
			buildActionMask = 2147483647;
			files = (
				774AC75625BA1D4F002B689F /* LaunchScreen.storyboard in Resources */,
				774AC75325BA1D4F002B689F /* Assets.xcassets in Resources */,
			);
			runOnlyForDeploymentPostprocessing = 0;
		};
/* End PBXResourcesBuildPhase section */

/* Begin PBXShellScriptBuildPhase section */
		977A88066E1D7A400B81F0EE /* [CP] Check Pods Manifest.lock */ = {
			isa = PBXShellScriptBuildPhase;
			buildActionMask = 2147483647;
			files = (
			);
			inputFileListPaths = (
			);
			inputPaths = (
				"${PODS_PODFILE_DIR_PATH}/Podfile.lock",
				"${PODS_ROOT}/Manifest.lock",
			);
			name = "[CP] Check Pods Manifest.lock";
			outputFileListPaths = (
			);
			outputPaths = (
				"$(DERIVED_FILE_DIR)/Pods-Onesplash-checkManifestLockResult.txt",
			);
			runOnlyForDeploymentPostprocessing = 0;
			shellPath = /bin/sh;
			shellScript = "diff \"${PODS_PODFILE_DIR_PATH}/Podfile.lock\" \"${PODS_ROOT}/Manifest.lock\" > /dev/null\nif [ $? != 0 ] ; then\n    # print error to STDERR\n    echo \"error: The sandbox is not in sync with the Podfile.lock. Run 'pod install' or update your CocoaPods installation.\" >&2\n    exit 1\nfi\n# This output is used by Xcode 'outputs' to avoid re-running this script phase.\necho \"SUCCESS\" > \"${SCRIPT_OUTPUT_FILE_0}\"\n";
			showEnvVarsInLog = 0;
		};
		ADA9FEAF3A4FBCBA1CF0F3F3 /* [CP] Embed Pods Frameworks */ = {
			isa = PBXShellScriptBuildPhase;
			buildActionMask = 2147483647;
			files = (
			);
			inputFileListPaths = (
				"${PODS_ROOT}/Target Support Files/Pods-Onesplash/Pods-Onesplash-frameworks-${CONFIGURATION}-input-files.xcfilelist",
			);
			name = "[CP] Embed Pods Frameworks";
			outputFileListPaths = (
				"${PODS_ROOT}/Target Support Files/Pods-Onesplash/Pods-Onesplash-frameworks-${CONFIGURATION}-output-files.xcfilelist",
			);
			runOnlyForDeploymentPostprocessing = 0;
			shellPath = /bin/sh;
			shellScript = "\"${PODS_ROOT}/Target Support Files/Pods-Onesplash/Pods-Onesplash-frameworks.sh\"\n";
			showEnvVarsInLog = 0;
		};
/* End PBXShellScriptBuildPhase section */

/* Begin PBXSourcesBuildPhase section */
		774AC73F25BA1D4B002B689F /* Sources */ = {
			isa = PBXSourcesBuildPhase;
			buildActionMask = 2147483647;
			files = (
				7721AFEF25D6E22D003C698F /* HomeViewModel.swift in Sources */,
				68FE16B925D4068000EE5B5A /* TabViewController.swift in Sources */,
				7742F0A225D7E061009DB5A1 /* NetworkEngine.swift in Sources */,
				774AC74B25BA1D4B002B689F /* HomeViewController.swift in Sources */,
				680BC0B825D6C5920003D341 /* UsersCustomCell.swift in Sources */,
				77DCFD9925D70BBB00EED409 /* SearchViewModel.swift in Sources */,
				774AC74725BA1D4B002B689F /* AppDelegate.swift in Sources */,
				680BC0B525D6C1FB0003D341 /* User.swift in Sources */,
				68FE16C025D4086800EE5B5A /* SearchViewController.swift in Sources */,
				680BC0AB25D698720003D341 /* Collection.swift in Sources */,
				68CA866825C41ADB00192321 /* PostsCustomCell.swift in Sources */,
				774AC74925BA1D4B002B689F /* SceneDelegate.swift in Sources */,
				774AC75125BA1D4B002B689F /* Onesplash.xcdatamodeld in Sources */,
				7742F09F25D7DA0D009DB5A1 /* Endpoint.swift in Sources */,
				77EE9AD625D92A4A005BA14E /* PostService.swift in Sources */,
				77474F8A25D4425500D75C78 /* FooterCollectionReusableView.swift in Sources */,
				77E0D5E625BB15690053C7A8 /* Post.swift in Sources */,
				680BC0AE25D69F480003D341 /* CollectionsCustomCell.swift in Sources */,
				7765983E25D520BD00D0ACD9 /* UIColor.swift in Sources */,
			);
			runOnlyForDeploymentPostprocessing = 0;
		};
/* End PBXSourcesBuildPhase section */

/* Begin PBXVariantGroup section */
		774AC75425BA1D4F002B689F /* LaunchScreen.storyboard */ = {
			isa = PBXVariantGroup;
			children = (
				774AC75525BA1D4F002B689F /* Base */,
			);
			name = LaunchScreen.storyboard;
			sourceTree = "<group>";
		};
/* End PBXVariantGroup section */

/* Begin XCBuildConfiguration section */
		774AC75825BA1D4F002B689F /* Debug */ = {
			isa = XCBuildConfiguration;
			buildSettings = {
				ALWAYS_SEARCH_USER_PATHS = NO;
				CLANG_ANALYZER_NONNULL = YES;
				CLANG_ANALYZER_NUMBER_OBJECT_CONVERSION = YES_AGGRESSIVE;
				CLANG_CXX_LANGUAGE_STANDARD = "gnu++14";
				CLANG_CXX_LIBRARY = "libc++";
				CLANG_ENABLE_MODULES = YES;
				CLANG_ENABLE_OBJC_ARC = YES;
				CLANG_ENABLE_OBJC_WEAK = YES;
				CLANG_WARN_BLOCK_CAPTURE_AUTORELEASING = YES;
				CLANG_WARN_BOOL_CONVERSION = YES;
				CLANG_WARN_COMMA = YES;
				CLANG_WARN_CONSTANT_CONVERSION = YES;
				CLANG_WARN_DEPRECATED_OBJC_IMPLEMENTATIONS = YES;
				CLANG_WARN_DIRECT_OBJC_ISA_USAGE = YES_ERROR;
				CLANG_WARN_DOCUMENTATION_COMMENTS = YES;
				CLANG_WARN_EMPTY_BODY = YES;
				CLANG_WARN_ENUM_CONVERSION = YES;
				CLANG_WARN_INFINITE_RECURSION = YES;
				CLANG_WARN_INT_CONVERSION = YES;
				CLANG_WARN_NON_LITERAL_NULL_CONVERSION = YES;
				CLANG_WARN_OBJC_IMPLICIT_RETAIN_SELF = YES;
				CLANG_WARN_OBJC_LITERAL_CONVERSION = YES;
				CLANG_WARN_OBJC_ROOT_CLASS = YES_ERROR;
				CLANG_WARN_QUOTED_INCLUDE_IN_FRAMEWORK_HEADER = YES;
				CLANG_WARN_RANGE_LOOP_ANALYSIS = YES;
				CLANG_WARN_STRICT_PROTOTYPES = YES;
				CLANG_WARN_SUSPICIOUS_MOVE = YES;
				CLANG_WARN_UNGUARDED_AVAILABILITY = YES_AGGRESSIVE;
				CLANG_WARN_UNREACHABLE_CODE = YES;
				CLANG_WARN__DUPLICATE_METHOD_MATCH = YES;
				COPY_PHASE_STRIP = NO;
				DEBUG_INFORMATION_FORMAT = dwarf;
				ENABLE_STRICT_OBJC_MSGSEND = YES;
				ENABLE_TESTABILITY = YES;
				GCC_C_LANGUAGE_STANDARD = gnu11;
				GCC_DYNAMIC_NO_PIC = NO;
				GCC_NO_COMMON_BLOCKS = YES;
				GCC_OPTIMIZATION_LEVEL = 0;
				GCC_PREPROCESSOR_DEFINITIONS = (
					"DEBUG=1",
					"$(inherited)",
				);
				GCC_WARN_64_TO_32_BIT_CONVERSION = YES;
				GCC_WARN_ABOUT_RETURN_TYPE = YES_ERROR;
				GCC_WARN_UNDECLARED_SELECTOR = YES;
				GCC_WARN_UNINITIALIZED_AUTOS = YES_AGGRESSIVE;
				GCC_WARN_UNUSED_FUNCTION = YES;
				GCC_WARN_UNUSED_VARIABLE = YES;
				IPHONEOS_DEPLOYMENT_TARGET = 14.2;
				MTL_ENABLE_DEBUG_INFO = INCLUDE_SOURCE;
				MTL_FAST_MATH = YES;
				ONLY_ACTIVE_ARCH = YES;
				SDKROOT = iphoneos;
				SWIFT_ACTIVE_COMPILATION_CONDITIONS = DEBUG;
				SWIFT_OPTIMIZATION_LEVEL = "-Onone";
			};
			name = Debug;
		};
		774AC75925BA1D4F002B689F /* Release */ = {
			isa = XCBuildConfiguration;
			buildSettings = {
				ALWAYS_SEARCH_USER_PATHS = NO;
				CLANG_ANALYZER_NONNULL = YES;
				CLANG_ANALYZER_NUMBER_OBJECT_CONVERSION = YES_AGGRESSIVE;
				CLANG_CXX_LANGUAGE_STANDARD = "gnu++14";
				CLANG_CXX_LIBRARY = "libc++";
				CLANG_ENABLE_MODULES = YES;
				CLANG_ENABLE_OBJC_ARC = YES;
				CLANG_ENABLE_OBJC_WEAK = YES;
				CLANG_WARN_BLOCK_CAPTURE_AUTORELEASING = YES;
				CLANG_WARN_BOOL_CONVERSION = YES;
				CLANG_WARN_COMMA = YES;
				CLANG_WARN_CONSTANT_CONVERSION = YES;
				CLANG_WARN_DEPRECATED_OBJC_IMPLEMENTATIONS = YES;
				CLANG_WARN_DIRECT_OBJC_ISA_USAGE = YES_ERROR;
				CLANG_WARN_DOCUMENTATION_COMMENTS = YES;
				CLANG_WARN_EMPTY_BODY = YES;
				CLANG_WARN_ENUM_CONVERSION = YES;
				CLANG_WARN_INFINITE_RECURSION = YES;
				CLANG_WARN_INT_CONVERSION = YES;
				CLANG_WARN_NON_LITERAL_NULL_CONVERSION = YES;
				CLANG_WARN_OBJC_IMPLICIT_RETAIN_SELF = YES;
				CLANG_WARN_OBJC_LITERAL_CONVERSION = YES;
				CLANG_WARN_OBJC_ROOT_CLASS = YES_ERROR;
				CLANG_WARN_QUOTED_INCLUDE_IN_FRAMEWORK_HEADER = YES;
				CLANG_WARN_RANGE_LOOP_ANALYSIS = YES;
				CLANG_WARN_STRICT_PROTOTYPES = YES;
				CLANG_WARN_SUSPICIOUS_MOVE = YES;
				CLANG_WARN_UNGUARDED_AVAILABILITY = YES_AGGRESSIVE;
				CLANG_WARN_UNREACHABLE_CODE = YES;
				CLANG_WARN__DUPLICATE_METHOD_MATCH = YES;
				COPY_PHASE_STRIP = NO;
				DEBUG_INFORMATION_FORMAT = "dwarf-with-dsym";
				ENABLE_NS_ASSERTIONS = NO;
				ENABLE_STRICT_OBJC_MSGSEND = YES;
				GCC_C_LANGUAGE_STANDARD = gnu11;
				GCC_NO_COMMON_BLOCKS = YES;
				GCC_WARN_64_TO_32_BIT_CONVERSION = YES;
				GCC_WARN_ABOUT_RETURN_TYPE = YES_ERROR;
				GCC_WARN_UNDECLARED_SELECTOR = YES;
				GCC_WARN_UNINITIALIZED_AUTOS = YES_AGGRESSIVE;
				GCC_WARN_UNUSED_FUNCTION = YES;
				GCC_WARN_UNUSED_VARIABLE = YES;
				IPHONEOS_DEPLOYMENT_TARGET = 14.2;
				MTL_ENABLE_DEBUG_INFO = NO;
				MTL_FAST_MATH = YES;
				SDKROOT = iphoneos;
				SWIFT_COMPILATION_MODE = wholemodule;
				SWIFT_OPTIMIZATION_LEVEL = "-O";
				VALIDATE_PRODUCT = YES;
			};
			name = Release;
		};
		774AC75B25BA1D4F002B689F /* Debug */ = {
			isa = XCBuildConfiguration;
			baseConfigurationReference = CEE01C462177F6FCD46322EB /* Pods-Onesplash.debug.xcconfig */;
			buildSettings = {
				ASSETCATALOG_COMPILER_APPICON_NAME = AppIcon;
				ASSETCATALOG_COMPILER_GLOBAL_ACCENT_COLOR_NAME = AccentColor;
				CODE_SIGN_STYLE = Automatic;
				DEVELOPMENT_TEAM = AHA9MF4N57;
				INFOPLIST_FILE = Onesplash/Info.plist;
				LD_RUNPATH_SEARCH_PATHS = (
					"$(inherited)",
					"@executable_path/Frameworks",
				);
				PRODUCT_BUNDLE_IDENTIFIER = realikh.Onesplash;
				PRODUCT_NAME = "$(TARGET_NAME)";
				SWIFT_VERSION = 5.0;
				TARGETED_DEVICE_FAMILY = "1,2";
			};
			name = Debug;
		};
		774AC75C25BA1D4F002B689F /* Release */ = {
			isa = XCBuildConfiguration;
			baseConfigurationReference = 873E1B43992A3006AB4AED55 /* Pods-Onesplash.release.xcconfig */;
			buildSettings = {
				ASSETCATALOG_COMPILER_APPICON_NAME = AppIcon;
				ASSETCATALOG_COMPILER_GLOBAL_ACCENT_COLOR_NAME = AccentColor;
				CODE_SIGN_STYLE = Automatic;
				DEVELOPMENT_TEAM = AHA9MF4N57;
				INFOPLIST_FILE = Onesplash/Info.plist;
				LD_RUNPATH_SEARCH_PATHS = (
					"$(inherited)",
					"@executable_path/Frameworks",
				);
				PRODUCT_BUNDLE_IDENTIFIER = realikh.Onesplash;
				PRODUCT_NAME = "$(TARGET_NAME)";
				SWIFT_VERSION = 5.0;
				TARGETED_DEVICE_FAMILY = "1,2";
			};
			name = Release;
		};
/* End XCBuildConfiguration section */

/* Begin XCConfigurationList section */
		774AC73E25BA1D4B002B689F /* Build configuration list for PBXProject "Onesplash" */ = {
			isa = XCConfigurationList;
			buildConfigurations = (
				774AC75825BA1D4F002B689F /* Debug */,
				774AC75925BA1D4F002B689F /* Release */,
			);
			defaultConfigurationIsVisible = 0;
			defaultConfigurationName = Release;
		};
		774AC75A25BA1D4F002B689F /* Build configuration list for PBXNativeTarget "Onesplash" */ = {
			isa = XCConfigurationList;
			buildConfigurations = (
				774AC75B25BA1D4F002B689F /* Debug */,
				774AC75C25BA1D4F002B689F /* Release */,
			);
			defaultConfigurationIsVisible = 0;
			defaultConfigurationName = Release;
		};
/* End XCConfigurationList section */

/* Begin XCVersionGroup section */
		774AC74F25BA1D4B002B689F /* Onesplash.xcdatamodeld */ = {
			isa = XCVersionGroup;
			children = (
				774AC75025BA1D4B002B689F /* Onesplash.xcdatamodel */,
			);
			currentVersion = 774AC75025BA1D4B002B689F /* Onesplash.xcdatamodel */;
			path = Onesplash.xcdatamodeld;
			sourceTree = "<group>";
			versionGroupType = wrapper.xcdatamodel;
		};
/* End XCVersionGroup section */
	};
	rootObject = 774AC73B25BA1D4B002B689F /* Project object */;
}
